// !$*UTF8*$!
{
	archiveVersion = 1;
	classes = {
	};
	objectVersion = 55;
	objects = {

/* Begin PBXBuildFile section */
		5E1E00A427DDA0DB000C4B4B /* LoginSignupApp.swift in Sources */ = {isa = PBXBuildFile; fileRef = 5E1E00A327DDA0DB000C4B4B /* LoginSignupApp.swift */; };
		5E1E00A627DDA0DB000C4B4B /* ContentView.swift in Sources */ = {isa = PBXBuildFile; fileRef = 5E1E00A527DDA0DB000C4B4B /* ContentView.swift */; };
		5E1E00A827DDA0DD000C4B4B /* Assets.xcassets in Resources */ = {isa = PBXBuildFile; fileRef = 5E1E00A727DDA0DD000C4B4B /* Assets.xcassets */; };
		5E1E00AB27DDA0DD000C4B4B /* Preview Assets.xcassets in Resources */ = {isa = PBXBuildFile; fileRef = 5E1E00AA27DDA0DD000C4B4B /* Preview Assets.xcassets */; };
		5E1E00B527DDA0DD000C4B4B /* LoginSignupTests.swift in Sources */ = {isa = PBXBuildFile; fileRef = 5E1E00B427DDA0DD000C4B4B /* LoginSignupTests.swift */; };
		5E1E00BF27DDA0DD000C4B4B /* LoginSignupUITests.swift in Sources */ = {isa = PBXBuildFile; fileRef = 5E1E00BE27DDA0DD000C4B4B /* LoginSignupUITests.swift */; };
		5E1E00C127DDA0DD000C4B4B /* LoginSignupUITestsLaunchTests.swift in Sources */ = {isa = PBXBuildFile; fileRef = 5E1E00C027DDA0DD000C4B4B /* LoginSignupUITestsLaunchTests.swift */; };
		5E1E00CE27DDA3D6000C4B4B /* LoginPage.swift in Sources */ = {isa = PBXBuildFile; fileRef = 5E1E00CD27DDA3D6000C4B4B /* LoginPage.swift */; };
		5E1E00D027DDBA88000C4B4B /* SignupPage.swift in Sources */ = {isa = PBXBuildFile; fileRef = 5E1E00CF27DDBA88000C4B4B /* SignupPage.swift */; };
		5E1E00D227DDC065000C4B4B /* LocalStorage.swift in Sources */ = {isa = PBXBuildFile; fileRef = 5E1E00D127DDC065000C4B4B /* LocalStorage.swift */; };
		5E1E00D427E04A6D000C4B4B /* WelcomePage.swift in Sources */ = {isa = PBXBuildFile; fileRef = 5E1E00D327E04A6D000C4B4B /* WelcomePage.swift */; };
		5E79384427E1E1B700B77EC5 /* ProfilePage.swift in Sources */ = {isa = PBXBuildFile; fileRef = 5E79384327E1E1B700B77EC5 /* ProfilePage.swift */; };
		5E79384627E1E20500B77EC5 /* ImagePicker.swift in Sources */ = {isa = PBXBuildFile; fileRef = 5E79384527E1E20500B77EC5 /* ImagePicker.swift */; };
		5E7B28F527E0649000051787 /* SignupViewModel.swift in Sources */ = {isa = PBXBuildFile; fileRef = 5E7B28F427E0649000051787 /* SignupViewModel.swift */; };
/* End PBXBuildFile section */

/* Begin PBXContainerItemProxy section */
		5E1E00B127DDA0DD000C4B4B /* PBXContainerItemProxy */ = {
			isa = PBXContainerItemProxy;
			containerPortal = 5E1E009827DDA0DB000C4B4B /* Project object */;
			proxyType = 1;
			remoteGlobalIDString = 5E1E009F27DDA0DB000C4B4B;
			remoteInfo = LoginSignup;
		};
		5E1E00BB27DDA0DD000C4B4B /* PBXContainerItemProxy */ = {
			isa = PBXContainerItemProxy;
			containerPortal = 5E1E009827DDA0DB000C4B4B /* Project object */;
			proxyType = 1;
			remoteGlobalIDString = 5E1E009F27DDA0DB000C4B4B;
			remoteInfo = LoginSignup;
		};
/* End PBXContainerItemProxy section */

/* Begin PBXFileReference section */
		5E1E00A027DDA0DB000C4B4B /* LoginSignup.app */ = {isa = PBXFileReference; explicitFileType = wrapper.application; includeInIndex = 0; path = LoginSignup.app; sourceTree = BUILT_PRODUCTS_DIR; };
		5E1E00A327DDA0DB000C4B4B /* LoginSignupApp.swift */ = {isa = PBXFileReference; lastKnownFileType = sourcecode.swift; path = LoginSignupApp.swift; sourceTree = "<group>"; };
		5E1E00A527DDA0DB000C4B4B /* ContentView.swift */ = {isa = PBXFileReference; lastKnownFileType = sourcecode.swift; path = ContentView.swift; sourceTree = "<group>"; };
		5E1E00A727DDA0DD000C4B4B /* Assets.xcassets */ = {isa = PBXFileReference; lastKnownFileType = folder.assetcatalog; path = Assets.xcassets; sourceTree = "<group>"; };
		5E1E00AA27DDA0DD000C4B4B /* Preview Assets.xcassets */ = {isa = PBXFileReference; lastKnownFileType = folder.assetcatalog; path = "Preview Assets.xcassets"; sourceTree = "<group>"; };
		5E1E00B027DDA0DD000C4B4B /* LoginSignupTests.xctest */ = {isa = PBXFileReference; explicitFileType = wrapper.cfbundle; includeInIndex = 0; path = LoginSignupTests.xctest; sourceTree = BUILT_PRODUCTS_DIR; };
		5E1E00B427DDA0DD000C4B4B /* LoginSignupTests.swift */ = {isa = PBXFileReference; lastKnownFileType = sourcecode.swift; path = LoginSignupTests.swift; sourceTree = "<group>"; };
		5E1E00BA27DDA0DD000C4B4B /* LoginSignupUITests.xctest */ = {isa = PBXFileReference; explicitFileType = wrapper.cfbundle; includeInIndex = 0; path = LoginSignupUITests.xctest; sourceTree = BUILT_PRODUCTS_DIR; };
		5E1E00BE27DDA0DD000C4B4B /* LoginSignupUITests.swift */ = {isa = PBXFileReference; lastKnownFileType = sourcecode.swift; path = LoginSignupUITests.swift; sourceTree = "<group>"; };
		5E1E00C027DDA0DD000C4B4B /* LoginSignupUITestsLaunchTests.swift */ = {isa = PBXFileReference; lastKnownFileType = sourcecode.swift; path = LoginSignupUITestsLaunchTests.swift; sourceTree = "<group>"; };
		5E1E00CD27DDA3D6000C4B4B /* LoginPage.swift */ = {isa = PBXFileReference; lastKnownFileType = sourcecode.swift; path = LoginPage.swift; sourceTree = "<group>"; };
		5E1E00CF27DDBA88000C4B4B /* SignupPage.swift */ = {isa = PBXFileReference; lastKnownFileType = sourcecode.swift; path = SignupPage.swift; sourceTree = "<group>"; };
		5E1E00D127DDC065000C4B4B /* LocalStorage.swift */ = {isa = PBXFileReference; lastKnownFileType = sourcecode.swift; path = LocalStorage.swift; sourceTree = "<group>"; };
		5E1E00D327E04A6D000C4B4B /* WelcomePage.swift */ = {isa = PBXFileReference; lastKnownFileType = sourcecode.swift; path = WelcomePage.swift; sourceTree = "<group>"; };
		5E79384327E1E1B700B77EC5 /* ProfilePage.swift */ = {isa = PBXFileReference; lastKnownFileType = sourcecode.swift; path = ProfilePage.swift; sourceTree = "<group>"; };
		5E79384527E1E20500B77EC5 /* ImagePicker.swift */ = {isa = PBXFileReference; lastKnownFileType = sourcecode.swift; path = ImagePicker.swift; sourceTree = "<group>"; };
		5E7B28F427E0649000051787 /* SignupViewModel.swift */ = {isa = PBXFileReference; lastKnownFileType = sourcecode.swift; path = SignupViewModel.swift; sourceTree = "<group>"; };
/* End PBXFileReference section */

/* Begin PBXFrameworksBuildPhase section */
		5E1E009D27DDA0DB000C4B4B /* Frameworks */ = {
			isa = PBXFrameworksBuildPhase;
			buildActionMask = 2147483647;
			files = (
			);
			runOnlyForDeploymentPostprocessing = 0;
		};
		5E1E00AD27DDA0DD000C4B4B /* Frameworks */ = {
			isa = PBXFrameworksBuildPhase;
			buildActionMask = 2147483647;
			files = (
			);
			runOnlyForDeploymentPostprocessing = 0;
		};
		5E1E00B727DDA0DD000C4B4B /* Frameworks */ = {
			isa = PBXFrameworksBuildPhase;
			buildActionMask = 2147483647;
			files = (
			);
			runOnlyForDeploymentPostprocessing = 0;
		};
/* End PBXFrameworksBuildPhase section */

/* Begin PBXGroup section */
		5E1E009727DDA0DB000C4B4B = {
			isa = PBXGroup;
			children = (
				5E1E00A227DDA0DB000C4B4B /* LoginSignup */,
				5E1E00B327DDA0DD000C4B4B /* LoginSignupTests */,
				5E1E00BD27DDA0DD000C4B4B /* LoginSignupUITests */,
				5E1E00A127DDA0DB000C4B4B /* Products */,
			);
			sourceTree = "<group>";
		};
		5E1E00A127DDA0DB000C4B4B /* Products */ = {
			isa = PBXGroup;
			children = (
				5E1E00A027DDA0DB000C4B4B /* LoginSignup.app */,
				5E1E00B027DDA0DD000C4B4B /* LoginSignupTests.xctest */,
				5E1E00BA27DDA0DD000C4B4B /* LoginSignupUITests.xctest */,
			);
			name = Products;
			sourceTree = "<group>";
		};
		5E1E00A227DDA0DB000C4B4B /* LoginSignup */ = {
			isa = PBXGroup;
			children = (
				5E1E00A327DDA0DB000C4B4B /* LoginSignupApp.swift */,
				5E1E00A527DDA0DB000C4B4B /* ContentView.swift */,
				5E1E00CD27DDA3D6000C4B4B /* LoginPage.swift */,
				5E1E00CF27DDBA88000C4B4B /* SignupPage.swift */,
				5E1E00D127DDC065000C4B4B /* LocalStorage.swift */,
				5E7B28F427E0649000051787 /* SignupViewModel.swift */,
				5E1E00D327E04A6D000C4B4B /* WelcomePage.swift */,
				5E79384327E1E1B700B77EC5 /* ProfilePage.swift */,
				5E79384527E1E20500B77EC5 /* ImagePicker.swift */,
				5E1E00A727DDA0DD000C4B4B /* Assets.xcassets */,
				5E1E00A927DDA0DD000C4B4B /* Preview Content */,
			);
			path = LoginSignup;
			sourceTree = "<group>";
		};
		5E1E00A927DDA0DD000C4B4B /* Preview Content */ = {
			isa = PBXGroup;
			children = (
				5E1E00AA27DDA0DD000C4B4B /* Preview Assets.xcassets */,
			);
			path = "Preview Content";
			sourceTree = "<group>";
		};
		5E1E00B327DDA0DD000C4B4B /* LoginSignupTests */ = {
			isa = PBXGroup;
			children = (
				5E1E00B427DDA0DD000C4B4B /* LoginSignupTests.swift */,
			);
			path = LoginSignupTests;
			sourceTree = "<group>";
		};
		5E1E00BD27DDA0DD000C4B4B /* LoginSignupUITests */ = {
			isa = PBXGroup;
			children = (
				5E1E00BE27DDA0DD000C4B4B /* LoginSignupUITests.swift */,
				5E1E00C027DDA0DD000C4B4B /* LoginSignupUITestsLaunchTests.swift */,
			);
			path = LoginSignupUITests;
			sourceTree = "<group>";
		};
/* End PBXGroup section */

/* Begin PBXNativeTarget section */
		5E1E009F27DDA0DB000C4B4B /* LoginSignup */ = {
			isa = PBXNativeTarget;
			buildConfigurationList = 5E1E00C427DDA0DD000C4B4B /* Build configuration list for PBXNativeTarget "LoginSignup" */;
			buildPhases = (
				5E1E009C27DDA0DB000C4B4B /* Sources */,
				5E1E009D27DDA0DB000C4B4B /* Frameworks */,
				5E1E009E27DDA0DB000C4B4B /* Resources */,
			);
			buildRules = (
			);
			dependencies = (
			);
			name = LoginSignup;
			productName = LoginSignup;
			productReference = 5E1E00A027DDA0DB000C4B4B /* LoginSignup.app */;
			productType = "com.apple.product-type.application";
		};
		5E1E00AF27DDA0DD000C4B4B /* LoginSignupTests */ = {
			isa = PBXNativeTarget;
			buildConfigurationList = 5E1E00C727DDA0DD000C4B4B /* Build configuration list for PBXNativeTarget "LoginSignupTests" */;
			buildPhases = (
				5E1E00AC27DDA0DD000C4B4B /* Sources */,
				5E1E00AD27DDA0DD000C4B4B /* Frameworks */,
				5E1E00AE27DDA0DD000C4B4B /* Resources */,
			);
			buildRules = (
			);
			dependencies = (
				5E1E00B227DDA0DD000C4B4B /* PBXTargetDependency */,
			);
			name = LoginSignupTests;
			productName = LoginSignupTests;
			productReference = 5E1E00B027DDA0DD000C4B4B /* LoginSignupTests.xctest */;
			productType = "com.apple.product-type.bundle.unit-test";
		};
		5E1E00B927DDA0DD000C4B4B /* LoginSignupUITests */ = {
			isa = PBXNativeTarget;
			buildConfigurationList = 5E1E00CA27DDA0DD000C4B4B /* Build configuration list for PBXNativeTarget "LoginSignupUITests" */;
			buildPhases = (
				5E1E00B627DDA0DD000C4B4B /* Sources */,
				5E1E00B727DDA0DD000C4B4B /* Frameworks */,
				5E1E00B827DDA0DD000C4B4B /* Resources */,
			);
			buildRules = (
			);
			dependencies = (
				5E1E00BC27DDA0DD000C4B4B /* PBXTargetDependency */,
			);
			name = LoginSignupUITests;
			productName = LoginSignupUITests;
			productReference = 5E1E00BA27DDA0DD000C4B4B /* LoginSignupUITests.xctest */;
			productType = "com.apple.product-type.bundle.ui-testing";
		};
/* End PBXNativeTarget section */

/* Begin PBXProject section */
		5E1E009827DDA0DB000C4B4B /* Project object */ = {
			isa = PBXProject;
			attributes = {
				BuildIndependentTargetsInParallel = 1;
				LastSwiftUpdateCheck = 1320;
				LastUpgradeCheck = 1320;
				TargetAttributes = {
					5E1E009F27DDA0DB000C4B4B = {
						CreatedOnToolsVersion = 13.2.1;
					};
					5E1E00AF27DDA0DD000C4B4B = {
						CreatedOnToolsVersion = 13.2.1;
						TestTargetID = 5E1E009F27DDA0DB000C4B4B;
					};
					5E1E00B927DDA0DD000C4B4B = {
						CreatedOnToolsVersion = 13.2.1;
						TestTargetID = 5E1E009F27DDA0DB000C4B4B;
					};
				};
			};
			buildConfigurationList = 5E1E009B27DDA0DB000C4B4B /* Build configuration list for PBXProject "LoginSignup" */;
			compatibilityVersion = "Xcode 13.0";
			developmentRegion = en;
			hasScannedForEncodings = 0;
			knownRegions = (
				en,
				Base,
			);
			mainGroup = 5E1E009727DDA0DB000C4B4B;
			productRefGroup = 5E1E00A127DDA0DB000C4B4B /* Products */;
			projectDirPath = "";
			projectRoot = "";
			targets = (
				5E1E009F27DDA0DB000C4B4B /* LoginSignup */,
				5E1E00AF27DDA0DD000C4B4B /* LoginSignupTests */,
				5E1E00B927DDA0DD000C4B4B /* LoginSignupUITests */,
			);
		};
/* End PBXProject section */

/* Begin PBXResourcesBuildPhase section */
		5E1E009E27DDA0DB000C4B4B /* Resources */ = {
			isa = PBXResourcesBuildPhase;
			buildActionMask = 2147483647;
			files = (
				5E1E00AB27DDA0DD000C4B4B /* Preview Assets.xcassets in Resources */,
				5E1E00A827DDA0DD000C4B4B /* Assets.xcassets in Resources */,
			);
			runOnlyForDeploymentPostprocessing = 0;
		};
		5E1E00AE27DDA0DD000C4B4B /* Resources */ = {
			isa = PBXResourcesBuildPhase;
			buildActionMask = 2147483647;
			files = (
			);
			runOnlyForDeploymentPostprocessing = 0;
		};
		5E1E00B827DDA0DD000C4B4B /* Resources */ = {
			isa = PBXResourcesBuildPhase;
			buildActionMask = 2147483647;
			files = (
			);
			runOnlyForDeploymentPostprocessing = 0;
		};
/* End PBXResourcesBuildPhase section */

/* Begin PBXSourcesBuildPhase section */
		5E1E009C27DDA0DB000C4B4B /* Sources */ = {
			isa = PBXSourcesBuildPhase;
			buildActionMask = 2147483647;
			files = (
				5E1E00A627DDA0DB000C4B4B /* ContentView.swift in Sources */,
				5E1E00D227DDC065000C4B4B /* LocalStorage.swift in Sources */,
				5E79384427E1E1B700B77EC5 /* ProfilePage.swift in Sources */,
				5E79384627E1E20500B77EC5 /* ImagePicker.swift in Sources */,
				5E1E00CE27DDA3D6000C4B4B /* LoginPage.swift in Sources */,
				5E7B28F527E0649000051787 /* SignupViewModel.swift in Sources */,
				5E1E00D427E04A6D000C4B4B /* WelcomePage.swift in Sources */,
				5E1E00D027DDBA88000C4B4B /* SignupPage.swift in Sources */,
				5E1E00A427DDA0DB000C4B4B /* LoginSignupApp.swift in Sources */,
			);
			runOnlyForDeploymentPostprocessing = 0;
		};
		5E1E00AC27DDA0DD000C4B4B /* Sources */ = {
			isa = PBXSourcesBuildPhase;
			buildActionMask = 2147483647;
			files = (
				5E1E00B527DDA0DD000C4B4B /* LoginSignupTests.swift in Sources */,
			);
			runOnlyForDeploymentPostprocessing = 0;
		};
		5E1E00B627DDA0DD000C4B4B /* Sources */ = {
			isa = PBXSourcesBuildPhase;
			buildActionMask = 2147483647;
			files = (
				5E1E00C127DDA0DD000C4B4B /* LoginSignupUITestsLaunchTests.swift in Sources */,
				5E1E00BF27DDA0DD000C4B4B /* LoginSignupUITests.swift in Sources */,
			);
			runOnlyForDeploymentPostprocessing = 0;
		};
/* End PBXSourcesBuildPhase section */

/* Begin PBXTargetDependency section */
		5E1E00B227DDA0DD000C4B4B /* PBXTargetDependency */ = {
			isa = PBXTargetDependency;
			target = 5E1E009F27DDA0DB000C4B4B /* LoginSignup */;
			targetProxy = 5E1E00B127DDA0DD000C4B4B /* PBXContainerItemProxy */;
		};
		5E1E00BC27DDA0DD000C4B4B /* PBXTargetDependency */ = {
			isa = PBXTargetDependency;
			target = 5E1E009F27DDA0DB000C4B4B /* LoginSignup */;
			targetProxy = 5E1E00BB27DDA0DD000C4B4B /* PBXContainerItemProxy */;
		};
/* End PBXTargetDependency section */

/* Begin XCBuildConfiguration section */
		5E1E00C227DDA0DD000C4B4B /* Debug */ = {
			isa = XCBuildConfiguration;
			buildSettings = {
				ALWAYS_SEARCH_USER_PATHS = NO;
				CLANG_ANALYZER_NONNULL = YES;
				CLANG_ANALYZER_NUMBER_OBJECT_CONVERSION = YES_AGGRESSIVE;
				CLANG_CXX_LANGUAGE_STANDARD = "gnu++17";
				CLANG_CXX_LIBRARY = "libc++";
				CLANG_ENABLE_MODULES = YES;
				CLANG_ENABLE_OBJC_ARC = YES;
				CLANG_ENABLE_OBJC_WEAK = YES;
				CLANG_WARN_BLOCK_CAPTURE_AUTORELEASING = YES;
				CLANG_WARN_BOOL_CONVERSION = YES;
				CLANG_WARN_COMMA = YES;
				CLANG_WARN_CONSTANT_CONVERSION = YES;
				CLANG_WARN_DEPRECATED_OBJC_IMPLEMENTATIONS = YES;
				CLANG_WARN_DIRECT_OBJC_ISA_USAGE = YES_ERROR;
				CLANG_WARN_DOCUMENTATION_COMMENTS = YES;
				CLANG_WARN_EMPTY_BODY = YES;
				CLANG_WARN_ENUM_CONVERSION = YES;
				CLANG_WARN_INFINITE_RECURSION = YES;
				CLANG_WARN_INT_CONVERSION = YES;
				CLANG_WARN_NON_LITERAL_NULL_CONVERSION = YES;
				CLANG_WARN_OBJC_IMPLICIT_RETAIN_SELF = YES;
				CLANG_WARN_OBJC_LITERAL_CONVERSION = YES;
				CLANG_WARN_OBJC_ROOT_CLASS = YES_ERROR;
				CLANG_WARN_QUOTED_INCLUDE_IN_FRAMEWORK_HEADER = YES;
				CLANG_WARN_RANGE_LOOP_ANALYSIS = YES;
				CLANG_WARN_STRICT_PROTOTYPES = YES;
				CLANG_WARN_SUSPICIOUS_MOVE = YES;
				CLANG_WARN_UNGUARDED_AVAILABILITY = YES_AGGRESSIVE;
				CLANG_WARN_UNREACHABLE_CODE = YES;
				CLANG_WARN__DUPLICATE_METHOD_MATCH = YES;
				COPY_PHASE_STRIP = NO;
				DEBUG_INFORMATION_FORMAT = dwarf;
				ENABLE_STRICT_OBJC_MSGSEND = YES;
				ENABLE_TESTABILITY = YES;
				GCC_C_LANGUAGE_STANDARD = gnu11;
				GCC_DYNAMIC_NO_PIC = NO;
				GCC_NO_COMMON_BLOCKS = YES;
				GCC_OPTIMIZATION_LEVEL = 0;
				GCC_PREPROCESSOR_DEFINITIONS = (
					"DEBUG=1",
					"$(inherited)",
				);
				GCC_WARN_64_TO_32_BIT_CONVERSION = YES;
				GCC_WARN_ABOUT_RETURN_TYPE = YES_ERROR;
				GCC_WARN_UNDECLARED_SELECTOR = YES;
				GCC_WARN_UNINITIALIZED_AUTOS = YES_AGGRESSIVE;
				GCC_WARN_UNUSED_FUNCTION = YES;
				GCC_WARN_UNUSED_VARIABLE = YES;
				IPHONEOS_DEPLOYMENT_TARGET = 15.2;
				MTL_ENABLE_DEBUG_INFO = INCLUDE_SOURCE;
				MTL_FAST_MATH = YES;
				ONLY_ACTIVE_ARCH = YES;
				SDKROOT = iphoneos;
				SWIFT_ACTIVE_COMPILATION_CONDITIONS = DEBUG;
				SWIFT_OPTIMIZATION_LEVEL = "-Onone";
			};
			name = Debug;
		};
		5E1E00C327DDA0DD000C4B4B /* Release */ = {
			isa = XCBuildConfiguration;
			buildSettings = {
				ALWAYS_SEARCH_USER_PATHS = NO;
				CLANG_ANALYZER_NONNULL = YES;
				CLANG_ANALYZER_NUMBER_OBJECT_CONVERSION = YES_AGGRESSIVE;
				CLANG_CXX_LANGUAGE_STANDARD = "gnu++17";
				CLANG_CXX_LIBRARY = "libc++";
				CLANG_ENABLE_MODULES = YES;
				CLANG_ENABLE_OBJC_ARC = YES;
				CLANG_ENABLE_OBJC_WEAK = YES;
				CLANG_WARN_BLOCK_CAPTURE_AUTORELEASING = YES;
				CLANG_WARN_BOOL_CONVERSION = YES;
				CLANG_WARN_COMMA = YES;
				CLANG_WARN_CONSTANT_CONVERSION = YES;
				CLANG_WARN_DEPRECATED_OBJC_IMPLEMENTATIONS = YES;
				CLANG_WARN_DIRECT_OBJC_ISA_USAGE = YES_ERROR;
				CLANG_WARN_DOCUMENTATION_COMMENTS = YES;
				CLANG_WARN_EMPTY_BODY = YES;
				CLANG_WARN_ENUM_CONVERSION = YES;
				CLANG_WARN_INFINITE_RECURSION = YES;
				CLANG_WARN_INT_CONVERSION = YES;
				CLANG_WARN_NON_LITERAL_NULL_CONVERSION = YES;
				CLANG_WARN_OBJC_IMPLICIT_RETAIN_SELF = YES;
				CLANG_WARN_OBJC_LITERAL_CONVERSION = YES;
				CLANG_WARN_OBJC_ROOT_CLASS = YES_ERROR;
				CLANG_WARN_QUOTED_INCLUDE_IN_FRAMEWORK_HEADER = YES;
				CLANG_WARN_RANGE_LOOP_ANALYSIS = YES;
				CLANG_WARN_STRICT_PROTOTYPES = YES;
				CLANG_WARN_SUSPICIOUS_MOVE = YES;
				CLANG_WARN_UNGUARDED_AVAILABILITY = YES_AGGRESSIVE;
				CLANG_WARN_UNREACHABLE_CODE = YES;
				CLANG_WARN__DUPLICATE_METHOD_MATCH = YES;
				COPY_PHASE_STRIP = NO;
				DEBUG_INFORMATION_FORMAT = "dwarf-with-dsym";
				ENABLE_NS_ASSERTIONS = NO;
				ENABLE_STRICT_OBJC_MSGSEND = YES;
				GCC_C_LANGUAGE_STANDARD = gnu11;
				GCC_NO_COMMON_BLOCKS = YES;
				GCC_WARN_64_TO_32_BIT_CONVERSION = YES;
				GCC_WARN_ABOUT_RETURN_TYPE = YES_ERROR;
				GCC_WARN_UNDECLARED_SELECTOR = YES;
				GCC_WARN_UNINITIALIZED_AUTOS = YES_AGGRESSIVE;
				GCC_WARN_UNUSED_FUNCTION = YES;
				GCC_WARN_UNUSED_VARIABLE = YES;
				IPHONEOS_DEPLOYMENT_TARGET = 15.2;
				MTL_ENABLE_DEBUG_INFO = NO;
				MTL_FAST_MATH = YES;
				SDKROOT = iphoneos;
				SWIFT_COMPILATION_MODE = wholemodule;
				SWIFT_OPTIMIZATION_LEVEL = "-O";
				VALIDATE_PRODUCT = YES;
			};
			name = Release;
		};
		5E1E00C527DDA0DD000C4B4B /* Debug */ = {
			isa = XCBuildConfiguration;
			buildSettings = {
				ASSETCATALOG_COMPILER_APPICON_NAME = AppIcon;
				ASSETCATALOG_COMPILER_GLOBAL_ACCENT_COLOR_NAME = AccentColor;
				CODE_SIGN_STYLE = Automatic;
				CURRENT_PROJECT_VERSION = 1;
				DEVELOPMENT_ASSET_PATHS = "\"LoginSignup/Preview Content\"";
				ENABLE_PREVIEWS = YES;
				GENERATE_INFOPLIST_FILE = YES;
				INFOPLIST_KEY_NSPhotoLibraryAddUsageDescription = "";
				INFOPLIST_KEY_UIApplicationSceneManifest_Generation = YES;
				INFOPLIST_KEY_UIApplicationSupportsIndirectInputEvents = YES;
				INFOPLIST_KEY_UILaunchScreen_Generation = YES;
				INFOPLIST_KEY_UISupportedInterfaceOrientations_iPad = "UIInterfaceOrientationPortrait UIInterfaceOrientationPortraitUpsideDown UIInterfaceOrientationLandscapeLeft UIInterfaceOrientationLandscapeRight";
				INFOPLIST_KEY_UISupportedInterfaceOrientations_iPhone = "UIInterfaceOrientationPortrait UIInterfaceOrientationLandscapeLeft UIInterfaceOrientationLandscapeRight";
				LD_RUNPATH_SEARCH_PATHS = (
					"$(inherited)",
					"@executable_path/Frameworks",
				);
				MARKETING_VERSION = 1.0;
				PRODUCT_BUNDLE_IDENTIFIER = com.tringapps.LoginSignup;
				PRODUCT_NAME = "$(TARGET_NAME)";
				SWIFT_EMIT_LOC_STRINGS = YES;
				SWIFT_VERSION = 5.0;
				TARGETED_DEVICE_FAMILY = "1,2";
			};
			name = Debug;
		};
		5E1E00C627DDA0DD000C4B4B /* Release */ = {
			isa = XCBuildConfiguration;
			buildSettings = {
				ASSETCATALOG_COMPILER_APPICON_NAME = AppIcon;
				ASSETCATALOG_COMPILER_GLOBAL_ACCENT_COLOR_NAME = AccentColor;
				CODE_SIGN_STYLE = Automatic;
				CURRENT_PROJECT_VERSION = 1;
				DEVELOPMENT_ASSET_PATHS = "\"LoginSignup/Preview Content\"";
				ENABLE_PREVIEWS = YES;
				GENERATE_INFOPLIST_FILE = YES;
				INFOPLIST_KEY_NSPhotoLibraryAddUsageDescription = "";
				INFOPLIST_KEY_UIApplicationSceneManifest_Generation = YES;
				INFOPLIST_KEY_UIApplicationSupportsIndirectInputEvents = YES;
				INFOPLIST_KEY_UILaunchScreen_Generation = YES;
				INFOPLIST_KEY_UISupportedInterfaceOrientations_iPad = "UIInterfaceOrientationPortrait UIInterfaceOrientationPortraitUpsideDown UIInterfaceOrientationLandscapeLeft UIInterfaceOrientationLandscapeRight";
				INFOPLIST_KEY_UISupportedInterfaceOrientations_iPhone = "UIInterfaceOrientationPortrait UIInterfaceOrientationLandscapeLeft UIInterfaceOrientationLandscapeRight";
				LD_RUNPATH_SEARCH_PATHS = (
					"$(inherited)",
					"@executable_path/Frameworks",
				);
				MARKETING_VERSION = 1.0;
				PRODUCT_BUNDLE_IDENTIFIER = com.tringapps.LoginSignup;
				PRODUCT_NAME = "$(TARGET_NAME)";
				SWIFT_EMIT_LOC_STRINGS = YES;
				SWIFT_VERSION = 5.0;
				TARGETED_DEVICE_FAMILY = "1,2";
			};
			name = Release;
		};
		5E1E00C827DDA0DD000C4B4B /* Debug */ = {
			isa = XCBuildConfiguration;
			buildSettings = {
				ALWAYS_EMBED_SWIFT_STANDARD_LIBRARIES = YES;
				BUNDLE_LOADER = "$(TEST_HOST)";
				CODE_SIGN_STYLE = Automatic;
				CURRENT_PROJECT_VERSION = 1;
				GENERATE_INFOPLIST_FILE = YES;
				IPHONEOS_DEPLOYMENT_TARGET = 15.2;
				MARKETING_VERSION = 1.0;
				PRODUCT_BUNDLE_IDENTIFIER = com.tringapps.LoginSignupTests;
				PRODUCT_NAME = "$(TARGET_NAME)";
				SWIFT_EMIT_LOC_STRINGS = NO;
				SWIFT_VERSION = 5.0;
				TARGETED_DEVICE_FAMILY = "1,2";
				TEST_HOST = "$(BUILT_PRODUCTS_DIR)/LoginSignup.app/LoginSignup";
			};
			name = Debug;
		};
		5E1E00C927DDA0DD000C4B4B /* Release */ = {
			isa = XCBuildConfiguration;
			buildSettings = {
				ALWAYS_EMBED_SWIFT_STANDARD_LIBRARIES = YES;
				BUNDLE_LOADER = "$(TEST_HOST)";
				CODE_SIGN_STYLE = Automatic;
				CURRENT_PROJECT_VERSION = 1;
				GENERATE_INFOPLIST_FILE = YES;
				IPHONEOS_DEPLOYMENT_TARGET = 15.2;
				MARKETING_VERSION = 1.0;
				PRODUCT_BUNDLE_IDENTIFIER = com.tringapps.LoginSignupTests;
				PRODUCT_NAME = "$(TARGET_NAME)";
				SWIFT_EMIT_LOC_STRINGS = NO;
				SWIFT_VERSION = 5.0;
				TARGETED_DEVICE_FAMILY = "1,2";
				TEST_HOST = "$(BUILT_PRODUCTS_DIR)/LoginSignup.app/LoginSignup";
			};
			name = Release;
		};
		5E1E00CB27DDA0DD000C4B4B /* Debug */ = {
			isa = XCBuildConfiguration;
			buildSettings = {
				ALWAYS_EMBED_SWIFT_STANDARD_LIBRARIES = YES;
				CODE_SIGN_STYLE = Automatic;
				CURRENT_PROJECT_VERSION = 1;
				GENERATE_INFOPLIST_FILE = YES;
				MARKETING_VERSION = 1.0;
				PRODUCT_BUNDLE_IDENTIFIER = com.tringapps.LoginSignupUITests;
				PRODUCT_NAME = "$(TARGET_NAME)";
				SWIFT_EMIT_LOC_STRINGS = NO;
				SWIFT_VERSION = 5.0;
				TARGETED_DEVICE_FAMILY = "1,2";
				TEST_TARGET_NAME = LoginSignup;
			};
			name = Debug;
		};
		5E1E00CC27DDA0DD000C4B4B /* Release */ = {
			isa = XCBuildConfiguration;
			buildSettings = {
				ALWAYS_EMBED_SWIFT_STANDARD_LIBRARIES = YES;
				CODE_SIGN_STYLE = Automatic;
				CURRENT_PROJECT_VERSION = 1;
				GENERATE_INFOPLIST_FILE = YES;
				MARKETING_VERSION = 1.0;
				PRODUCT_BUNDLE_IDENTIFIER = com.tringapps.LoginSignupUITests;
				PRODUCT_NAME = "$(TARGET_NAME)";
				SWIFT_EMIT_LOC_STRINGS = NO;
				SWIFT_VERSION = 5.0;
				TARGETED_DEVICE_FAMILY = "1,2";
				TEST_TARGET_NAME = LoginSignup;
			};
			name = Release;
		};
/* End XCBuildConfiguration section */

/* Begin XCConfigurationList section */
		5E1E009B27DDA0DB000C4B4B /* Build configuration list for PBXProject "LoginSignup" */ = {
			isa = XCConfigurationList;
			buildConfigurations = (
				5E1E00C227DDA0DD000C4B4B /* Debug */,
				5E1E00C327DDA0DD000C4B4B /* Release */,
			);
			defaultConfigurationIsVisible = 0;
			defaultConfigurationName = Release;
		};
		5E1E00C427DDA0DD000C4B4B /* Build configuration list for PBXNativeTarget "LoginSignup" */ = {
			isa = XCConfigurationList;
			buildConfigurations = (
				5E1E00C527DDA0DD000C4B4B /* Debug */,
				5E1E00C627DDA0DD000C4B4B /* Release */,
			);
			defaultConfigurationIsVisible = 0;
			defaultConfigurationName = Release;
		};
		5E1E00C727DDA0DD000C4B4B /* Build configuration list for PBXNativeTarget "LoginSignupTests" */ = {
			isa = XCConfigurationList;
			buildConfigurations = (
				5E1E00C827DDA0DD000C4B4B /* Debug */,
				5E1E00C927DDA0DD000C4B4B /* Release */,
			);
			defaultConfigurationIsVisible = 0;
			defaultConfigurationName = Release;
		};
		5E1E00CA27DDA0DD000C4B4B /* Build configuration list for PBXNativeTarget "LoginSignupUITests" */ = {
			isa = XCConfigurationList;
			buildConfigurations = (
				5E1E00CB27DDA0DD000C4B4B /* Debug */,
				5E1E00CC27DDA0DD000C4B4B /* Release */,
			);
			defaultConfigurationIsVisible = 0;
			defaultConfigurationName = Release;
		};
/* End XCConfigurationList section */
	};
	rootObject = 5E1E009827DDA0DB000C4B4B /* Project object */;
}
