// !$*UTF8*$!
{
	archiveVersion = 1;
	classes = {
	};
	objectVersion = 55;
	objects = {

/* Begin PBXBuildFile section */
		5EFECD5227C5F03E005DBD79 /* AppDelegate.swift in Sources */ = {isa = PBXBuildFile; fileRef = 5EFECD5127C5F03E005DBD79 /* AppDelegate.swift */; };
		5EFECD5427C5F03E005DBD79 /* SceneDelegate.swift in Sources */ = {isa = PBXBuildFile; fileRef = 5EFECD5327C5F03E005DBD79 /* SceneDelegate.swift */; };
		5EFECD5627C5F03E005DBD79 /* ViewController.swift in Sources */ = {isa = PBXBuildFile; fileRef = 5EFECD5527C5F03E005DBD79 /* ViewController.swift */; };
		5EFECD5927C5F03E005DBD79 /* Main.storyboard in Resources */ = {isa = PBXBuildFile; fileRef = 5EFECD5727C5F03E005DBD79 /* Main.storyboard */; };
		5EFECD5B27C5F040005DBD79 /* Assets.xcassets in Resources */ = {isa = PBXBuildFile; fileRef = 5EFECD5A27C5F040005DBD79 /* Assets.xcassets */; };
		5EFECD5E27C5F041005DBD79 /* LaunchScreen.storyboard in Resources */ = {isa = PBXBuildFile; fileRef = 5EFECD5C27C5F041005DBD79 /* LaunchScreen.storyboard */; };
		5EFECD6927C5F041005DBD79 /* PracticeAppTests.swift in Sources */ = {isa = PBXBuildFile; fileRef = 5EFECD6827C5F041005DBD79 /* PracticeAppTests.swift */; };
		5EFECD7327C5F041005DBD79 /* PracticeAppUITests.swift in Sources */ = {isa = PBXBuildFile; fileRef = 5EFECD7227C5F041005DBD79 /* PracticeAppUITests.swift */; };
		5EFECD7527C5F041005DBD79 /* PracticeAppUITestsLaunchTests.swift in Sources */ = {isa = PBXBuildFile; fileRef = 5EFECD7427C5F041005DBD79 /* PracticeAppUITestsLaunchTests.swift */; };
/* End PBXBuildFile section */

/* Begin PBXContainerItemProxy section */
		5EFECD6527C5F041005DBD79 /* PBXContainerItemProxy */ = {
			isa = PBXContainerItemProxy;
			containerPortal = 5EFECD4627C5F03E005DBD79 /* Project object */;
			proxyType = 1;
			remoteGlobalIDString = 5EFECD4D27C5F03E005DBD79;
			remoteInfo = PracticeApp;
		};
		5EFECD6F27C5F041005DBD79 /* PBXContainerItemProxy */ = {
			isa = PBXContainerItemProxy;
			containerPortal = 5EFECD4627C5F03E005DBD79 /* Project object */;
			proxyType = 1;
			remoteGlobalIDString = 5EFECD4D27C5F03E005DBD79;
			remoteInfo = PracticeApp;
		};
/* End PBXContainerItemProxy section */

/* Begin PBXFileReference section */
		5EFECD4E27C5F03E005DBD79 /* PracticeApp.app */ = {isa = PBXFileReference; explicitFileType = wrapper.application; includeInIndex = 0; path = PracticeApp.app; sourceTree = BUILT_PRODUCTS_DIR; };
		5EFECD5127C5F03E005DBD79 /* AppDelegate.swift */ = {isa = PBXFileReference; lastKnownFileType = sourcecode.swift; path = AppDelegate.swift; sourceTree = "<group>"; };
		5EFECD5327C5F03E005DBD79 /* SceneDelegate.swift */ = {isa = PBXFileReference; lastKnownFileType = sourcecode.swift; path = SceneDelegate.swift; sourceTree = "<group>"; };
		5EFECD5527C5F03E005DBD79 /* ViewController.swift */ = {isa = PBXFileReference; lastKnownFileType = sourcecode.swift; path = ViewController.swift; sourceTree = "<group>"; };
		5EFECD5827C5F03E005DBD79 /* Base */ = {isa = PBXFileReference; lastKnownFileType = file.storyboard; name = Base; path = Base.lproj/Main.storyboard; sourceTree = "<group>"; };
		5EFECD5A27C5F040005DBD79 /* Assets.xcassets */ = {isa = PBXFileReference; lastKnownFileType = folder.assetcatalog; path = Assets.xcassets; sourceTree = "<group>"; };
		5EFECD5D27C5F041005DBD79 /* Base */ = {isa = PBXFileReference; lastKnownFileType = file.storyboard; name = Base; path = Base.lproj/LaunchScreen.storyboard; sourceTree = "<group>"; };
		5EFECD5F27C5F041005DBD79 /* Info.plist */ = {isa = PBXFileReference; lastKnownFileType = text.plist.xml; path = Info.plist; sourceTree = "<group>"; };
		5EFECD6427C5F041005DBD79 /* PracticeAppTests.xctest */ = {isa = PBXFileReference; explicitFileType = wrapper.cfbundle; includeInIndex = 0; path = PracticeAppTests.xctest; sourceTree = BUILT_PRODUCTS_DIR; };
		5EFECD6827C5F041005DBD79 /* PracticeAppTests.swift */ = {isa = PBXFileReference; lastKnownFileType = sourcecode.swift; path = PracticeAppTests.swift; sourceTree = "<group>"; };
		5EFECD6E27C5F041005DBD79 /* PracticeAppUITests.xctest */ = {isa = PBXFileReference; explicitFileType = wrapper.cfbundle; includeInIndex = 0; path = PracticeAppUITests.xctest; sourceTree = BUILT_PRODUCTS_DIR; };
		5EFECD7227C5F041005DBD79 /* PracticeAppUITests.swift */ = {isa = PBXFileReference; lastKnownFileType = sourcecode.swift; path = PracticeAppUITests.swift; sourceTree = "<group>"; };
		5EFECD7427C5F041005DBD79 /* PracticeAppUITestsLaunchTests.swift */ = {isa = PBXFileReference; lastKnownFileType = sourcecode.swift; path = PracticeAppUITestsLaunchTests.swift; sourceTree = "<group>"; };
/* End PBXFileReference section */

/* Begin PBXFrameworksBuildPhase section */
		5EFECD4B27C5F03E005DBD79 /* Frameworks */ = {
			isa = PBXFrameworksBuildPhase;
			buildActionMask = 2147483647;
			files = (
			);
			runOnlyForDeploymentPostprocessing = 0;
		};
		5EFECD6127C5F041005DBD79 /* Frameworks */ = {
			isa = PBXFrameworksBuildPhase;
			buildActionMask = 2147483647;
			files = (
			);
			runOnlyForDeploymentPostprocessing = 0;
		};
		5EFECD6B27C5F041005DBD79 /* Frameworks */ = {
			isa = PBXFrameworksBuildPhase;
			buildActionMask = 2147483647;
			files = (
			);
			runOnlyForDeploymentPostprocessing = 0;
		};
/* End PBXFrameworksBuildPhase section */

/* Begin PBXGroup section */
		5EFECD4527C5F03E005DBD79 = {
			isa = PBXGroup;
			children = (
				5EFECD5027C5F03E005DBD79 /* PracticeApp */,
				5EFECD6727C5F041005DBD79 /* PracticeAppTests */,
				5EFECD7127C5F041005DBD79 /* PracticeAppUITests */,
				5EFECD4F27C5F03E005DBD79 /* Products */,
			);
			sourceTree = "<group>";
		};
		5EFECD4F27C5F03E005DBD79 /* Products */ = {
			isa = PBXGroup;
			children = (
				5EFECD4E27C5F03E005DBD79 /* PracticeApp.app */,
				5EFECD6427C5F041005DBD79 /* PracticeAppTests.xctest */,
				5EFECD6E27C5F041005DBD79 /* PracticeAppUITests.xctest */,
			);
			name = Products;
			sourceTree = "<group>";
		};
		5EFECD5027C5F03E005DBD79 /* PracticeApp */ = {
			isa = PBXGroup;
			children = (
				5EFECD5127C5F03E005DBD79 /* AppDelegate.swift */,
				5EFECD5327C5F03E005DBD79 /* SceneDelegate.swift */,
				5EFECD5527C5F03E005DBD79 /* ViewController.swift */,
				5EFECD5727C5F03E005DBD79 /* Main.storyboard */,
				5EFECD5A27C5F040005DBD79 /* Assets.xcassets */,
				5EFECD5C27C5F041005DBD79 /* LaunchScreen.storyboard */,
				5EFECD5F27C5F041005DBD79 /* Info.plist */,
			);
			path = PracticeApp;
			sourceTree = "<group>";
		};
		5EFECD6727C5F041005DBD79 /* PracticeAppTests */ = {
			isa = PBXGroup;
			children = (
				5EFECD6827C5F041005DBD79 /* PracticeAppTests.swift */,
			);
			path = PracticeAppTests;
			sourceTree = "<group>";
		};
		5EFECD7127C5F041005DBD79 /* PracticeAppUITests */ = {
			isa = PBXGroup;
			children = (
				5EFECD7227C5F041005DBD79 /* PracticeAppUITests.swift */,
				5EFECD7427C5F041005DBD79 /* PracticeAppUITestsLaunchTests.swift */,
			);
			path = PracticeAppUITests;
			sourceTree = "<group>";
		};
/* End PBXGroup section */

/* Begin PBXNativeTarget section */
		5EFECD4D27C5F03E005DBD79 /* PracticeApp */ = {
			isa = PBXNativeTarget;
			buildConfigurationList = 5EFECD7827C5F041005DBD79 /* Build configuration list for PBXNativeTarget "PracticeApp" */;
			buildPhases = (
				5EFECD4A27C5F03E005DBD79 /* Sources */,
				5EFECD4B27C5F03E005DBD79 /* Frameworks */,
				5EFECD4C27C5F03E005DBD79 /* Resources */,
			);
			buildRules = (
			);
			dependencies = (
			);
			name = PracticeApp;
			productName = PracticeApp;
			productReference = 5EFECD4E27C5F03E005DBD79 /* PracticeApp.app */;
			productType = "com.apple.product-type.application";
		};
		5EFECD6327C5F041005DBD79 /* PracticeAppTests */ = {
			isa = PBXNativeTarget;
			buildConfigurationList = 5EFECD7B27C5F041005DBD79 /* Build configuration list for PBXNativeTarget "PracticeAppTests" */;
			buildPhases = (
				5EFECD6027C5F041005DBD79 /* Sources */,
				5EFECD6127C5F041005DBD79 /* Frameworks */,
				5EFECD6227C5F041005DBD79 /* Resources */,
			);
			buildRules = (
			);
			dependencies = (
				5EFECD6627C5F041005DBD79 /* PBXTargetDependency */,
			);
			name = PracticeAppTests;
			productName = PracticeAppTests;
			productReference = 5EFECD6427C5F041005DBD79 /* PracticeAppTests.xctest */;
			productType = "com.apple.product-type.bundle.unit-test";
		};
		5EFECD6D27C5F041005DBD79 /* PracticeAppUITests */ = {
			isa = PBXNativeTarget;
			buildConfigurationList = 5EFECD7E27C5F041005DBD79 /* Build configuration list for PBXNativeTarget "PracticeAppUITests" */;
			buildPhases = (
				5EFECD6A27C5F041005DBD79 /* Sources */,
				5EFECD6B27C5F041005DBD79 /* Frameworks */,
				5EFECD6C27C5F041005DBD79 /* Resources */,
			);
			buildRules = (
			);
			dependencies = (
				5EFECD7027C5F041005DBD79 /* PBXTargetDependency */,
			);
			name = PracticeAppUITests;
			productName = PracticeAppUITests;
			productReference = 5EFECD6E27C5F041005DBD79 /* PracticeAppUITests.xctest */;
			productType = "com.apple.product-type.bundle.ui-testing";
		};
/* End PBXNativeTarget section */

/* Begin PBXProject section */
		5EFECD4627C5F03E005DBD79 /* Project object */ = {
			isa = PBXProject;
			attributes = {
				BuildIndependentTargetsInParallel = 1;
				LastSwiftUpdateCheck = 1320;
				LastUpgradeCheck = 1320;
				TargetAttributes = {
					5EFECD4D27C5F03E005DBD79 = {
						CreatedOnToolsVersion = 13.2.1;
					};
					5EFECD6327C5F041005DBD79 = {
						CreatedOnToolsVersion = 13.2.1;
						TestTargetID = 5EFECD4D27C5F03E005DBD79;
					};
					5EFECD6D27C5F041005DBD79 = {
						CreatedOnToolsVersion = 13.2.1;
						TestTargetID = 5EFECD4D27C5F03E005DBD79;
					};
				};
			};
			buildConfigurationList = 5EFECD4927C5F03E005DBD79 /* Build configuration list for PBXProject "PracticeApp" */;
			compatibilityVersion = "Xcode 13.0";
			developmentRegion = en;
			hasScannedForEncodings = 0;
			knownRegions = (
				en,
				Base,
			);
			mainGroup = 5EFECD4527C5F03E005DBD79;
			productRefGroup = 5EFECD4F27C5F03E005DBD79 /* Products */;
			projectDirPath = "";
			projectRoot = "";
			targets = (
				5EFECD4D27C5F03E005DBD79 /* PracticeApp */,
				5EFECD6327C5F041005DBD79 /* PracticeAppTests */,
				5EFECD6D27C5F041005DBD79 /* PracticeAppUITests */,
			);
		};
/* End PBXProject section */

/* Begin PBXResourcesBuildPhase section */
		5EFECD4C27C5F03E005DBD79 /* Resources */ = {
			isa = PBXResourcesBuildPhase;
			buildActionMask = 2147483647;
			files = (
				5EFECD5E27C5F041005DBD79 /* LaunchScreen.storyboard in Resources */,
				5EFECD5B27C5F040005DBD79 /* Assets.xcassets in Resources */,
				5EFECD5927C5F03E005DBD79 /* Main.storyboard in Resources */,
			);
			runOnlyForDeploymentPostprocessing = 0;
		};
		5EFECD6227C5F041005DBD79 /* Resources */ = {
			isa = PBXResourcesBuildPhase;
			buildActionMask = 2147483647;
			files = (
			);
			runOnlyForDeploymentPostprocessing = 0;
		};
		5EFECD6C27C5F041005DBD79 /* Resources */ = {
			isa = PBXResourcesBuildPhase;
			buildActionMask = 2147483647;
			files = (
			);
			runOnlyForDeploymentPostprocessing = 0;
		};
/* End PBXResourcesBuildPhase section */

/* Begin PBXSourcesBuildPhase section */
		5EFECD4A27C5F03E005DBD79 /* Sources */ = {
			isa = PBXSourcesBuildPhase;
			buildActionMask = 2147483647;
			files = (
				5EFECD5627C5F03E005DBD79 /* ViewController.swift in Sources */,
				5EFECD5227C5F03E005DBD79 /* AppDelegate.swift in Sources */,
				5EFECD5427C5F03E005DBD79 /* SceneDelegate.swift in Sources */,
			);
			runOnlyForDeploymentPostprocessing = 0;
		};
		5EFECD6027C5F041005DBD79 /* Sources */ = {
			isa = PBXSourcesBuildPhase;
			buildActionMask = 2147483647;
			files = (
				5EFECD6927C5F041005DBD79 /* PracticeAppTests.swift in Sources */,
			);
			runOnlyForDeploymentPostprocessing = 0;
		};
		5EFECD6A27C5F041005DBD79 /* Sources */ = {
			isa = PBXSourcesBuildPhase;
			buildActionMask = 2147483647;
			files = (
				5EFECD7327C5F041005DBD79 /* PracticeAppUITests.swift in Sources */,
				5EFECD7527C5F041005DBD79 /* PracticeAppUITestsLaunchTests.swift in Sources */,
			);
			runOnlyForDeploymentPostprocessing = 0;
		};
/* End PBXSourcesBuildPhase section */

/* Begin PBXTargetDependency section */
		5EFECD6627C5F041005DBD79 /* PBXTargetDependency */ = {
			isa = PBXTargetDependency;
			target = 5EFECD4D27C5F03E005DBD79 /* PracticeApp */;
			targetProxy = 5EFECD6527C5F041005DBD79 /* PBXContainerItemProxy */;
		};
		5EFECD7027C5F041005DBD79 /* PBXTargetDependency */ = {
			isa = PBXTargetDependency;
			target = 5EFECD4D27C5F03E005DBD79 /* PracticeApp */;
			targetProxy = 5EFECD6F27C5F041005DBD79 /* PBXContainerItemProxy */;
		};
/* End PBXTargetDependency section */

/* Begin PBXVariantGroup section */
		5EFECD5727C5F03E005DBD79 /* Main.storyboard */ = {
			isa = PBXVariantGroup;
			children = (
				5EFECD5827C5F03E005DBD79 /* Base */,
			);
			name = Main.storyboard;
			sourceTree = "<group>";
		};
		5EFECD5C27C5F041005DBD79 /* LaunchScreen.storyboard */ = {
			isa = PBXVariantGroup;
			children = (
				5EFECD5D27C5F041005DBD79 /* Base */,
			);
			name = LaunchScreen.storyboard;
			sourceTree = "<group>";
		};
/* End PBXVariantGroup section */

/* Begin XCBuildConfiguration section */
		5EFECD7627C5F041005DBD79 /* Debug */ = {
			isa = XCBuildConfiguration;
			buildSettings = {
				ALWAYS_SEARCH_USER_PATHS = NO;
				CLANG_ANALYZER_NONNULL = YES;
				CLANG_ANALYZER_NUMBER_OBJECT_CONVERSION = YES_AGGRESSIVE;
				CLANG_CXX_LANGUAGE_STANDARD = "gnu++17";
				CLANG_CXX_LIBRARY = "libc++";
				CLANG_ENABLE_MODULES = YES;
				CLANG_ENABLE_OBJC_ARC = YES;
				CLANG_ENABLE_OBJC_WEAK = YES;
				CLANG_WARN_BLOCK_CAPTURE_AUTORELEASING = YES;
				CLANG_WARN_BOOL_CONVERSION = YES;
				CLANG_WARN_COMMA = YES;
				CLANG_WARN_CONSTANT_CONVERSION = YES;
				CLANG_WARN_DEPRECATED_OBJC_IMPLEMENTATIONS = YES;
				CLANG_WARN_DIRECT_OBJC_ISA_USAGE = YES_ERROR;
				CLANG_WARN_DOCUMENTATION_COMMENTS = YES;
				CLANG_WARN_EMPTY_BODY = YES;
				CLANG_WARN_ENUM_CONVERSION = YES;
				CLANG_WARN_INFINITE_RECURSION = YES;
				CLANG_WARN_INT_CONVERSION = YES;
				CLANG_WARN_NON_LITERAL_NULL_CONVERSION = YES;
				CLANG_WARN_OBJC_IMPLICIT_RETAIN_SELF = YES;
				CLANG_WARN_OBJC_LITERAL_CONVERSION = YES;
				CLANG_WARN_OBJC_ROOT_CLASS = YES_ERROR;
				CLANG_WARN_QUOTED_INCLUDE_IN_FRAMEWORK_HEADER = YES;
				CLANG_WARN_RANGE_LOOP_ANALYSIS = YES;
				CLANG_WARN_STRICT_PROTOTYPES = YES;
				CLANG_WARN_SUSPICIOUS_MOVE = YES;
				CLANG_WARN_UNGUARDED_AVAILABILITY = YES_AGGRESSIVE;
				CLANG_WARN_UNREACHABLE_CODE = YES;
				CLANG_WARN__DUPLICATE_METHOD_MATCH = YES;
				COPY_PHASE_STRIP = NO;
				DEBUG_INFORMATION_FORMAT = dwarf;
				ENABLE_STRICT_OBJC_MSGSEND = YES;
				ENABLE_TESTABILITY = YES;
				GCC_C_LANGUAGE_STANDARD = gnu11;
				GCC_DYNAMIC_NO_PIC = NO;
				GCC_NO_COMMON_BLOCKS = YES;
				GCC_OPTIMIZATION_LEVEL = 0;
				GCC_PREPROCESSOR_DEFINITIONS = (
					"DEBUG=1",
					"$(inherited)",
				);
				GCC_WARN_64_TO_32_BIT_CONVERSION = YES;
				GCC_WARN_ABOUT_RETURN_TYPE = YES_ERROR;
				GCC_WARN_UNDECLARED_SELECTOR = YES;
				GCC_WARN_UNINITIALIZED_AUTOS = YES_AGGRESSIVE;
				GCC_WARN_UNUSED_FUNCTION = YES;
				GCC_WARN_UNUSED_VARIABLE = YES;
				IPHONEOS_DEPLOYMENT_TARGET = 15.2;
				MTL_ENABLE_DEBUG_INFO = INCLUDE_SOURCE;
				MTL_FAST_MATH = YES;
				ONLY_ACTIVE_ARCH = YES;
				SDKROOT = iphoneos;
				SWIFT_ACTIVE_COMPILATION_CONDITIONS = DEBUG;
				SWIFT_OPTIMIZATION_LEVEL = "-Onone";
			};
			name = Debug;
		};
		5EFECD7727C5F041005DBD79 /* Release */ = {
			isa = XCBuildConfiguration;
			buildSettings = {
				ALWAYS_SEARCH_USER_PATHS = NO;
				CLANG_ANALYZER_NONNULL = YES;
				CLANG_ANALYZER_NUMBER_OBJECT_CONVERSION = YES_AGGRESSIVE;
				CLANG_CXX_LANGUAGE_STANDARD = "gnu++17";
				CLANG_CXX_LIBRARY = "libc++";
				CLANG_ENABLE_MODULES = YES;
				CLANG_ENABLE_OBJC_ARC = YES;
				CLANG_ENABLE_OBJC_WEAK = YES;
				CLANG_WARN_BLOCK_CAPTURE_AUTORELEASING = YES;
				CLANG_WARN_BOOL_CONVERSION = YES;
				CLANG_WARN_COMMA = YES;
				CLANG_WARN_CONSTANT_CONVERSION = YES;
				CLANG_WARN_DEPRECATED_OBJC_IMPLEMENTATIONS = YES;
				CLANG_WARN_DIRECT_OBJC_ISA_USAGE = YES_ERROR;
				CLANG_WARN_DOCUMENTATION_COMMENTS = YES;
				CLANG_WARN_EMPTY_BODY = YES;
				CLANG_WARN_ENUM_CONVERSION = YES;
				CLANG_WARN_INFINITE_RECURSION = YES;
				CLANG_WARN_INT_CONVERSION = YES;
				CLANG_WARN_NON_LITERAL_NULL_CONVERSION = YES;
				CLANG_WARN_OBJC_IMPLICIT_RETAIN_SELF = YES;
				CLANG_WARN_OBJC_LITERAL_CONVERSION = YES;
				CLANG_WARN_OBJC_ROOT_CLASS = YES_ERROR;
				CLANG_WARN_QUOTED_INCLUDE_IN_FRAMEWORK_HEADER = YES;
				CLANG_WARN_RANGE_LOOP_ANALYSIS = YES;
				CLANG_WARN_STRICT_PROTOTYPES = YES;
				CLANG_WARN_SUSPICIOUS_MOVE = YES;
				CLANG_WARN_UNGUARDED_AVAILABILITY = YES_AGGRESSIVE;
				CLANG_WARN_UNREACHABLE_CODE = YES;
				CLANG_WARN__DUPLICATE_METHOD_MATCH = YES;
				COPY_PHASE_STRIP = NO;
				DEBUG_INFORMATION_FORMAT = "dwarf-with-dsym";
				ENABLE_NS_ASSERTIONS = NO;
				ENABLE_STRICT_OBJC_MSGSEND = YES;
				GCC_C_LANGUAGE_STANDARD = gnu11;
				GCC_NO_COMMON_BLOCKS = YES;
				GCC_WARN_64_TO_32_BIT_CONVERSION = YES;
				GCC_WARN_ABOUT_RETURN_TYPE = YES_ERROR;
				GCC_WARN_UNDECLARED_SELECTOR = YES;
				GCC_WARN_UNINITIALIZED_AUTOS = YES_AGGRESSIVE;
				GCC_WARN_UNUSED_FUNCTION = YES;
				GCC_WARN_UNUSED_VARIABLE = YES;
				IPHONEOS_DEPLOYMENT_TARGET = 15.2;
				MTL_ENABLE_DEBUG_INFO = NO;
				MTL_FAST_MATH = YES;
				SDKROOT = iphoneos;
				SWIFT_COMPILATION_MODE = wholemodule;
				SWIFT_OPTIMIZATION_LEVEL = "-O";
				VALIDATE_PRODUCT = YES;
			};
			name = Release;
		};
		5EFECD7927C5F041005DBD79 /* Debug */ = {
			isa = XCBuildConfiguration;
			buildSettings = {
				ASSETCATALOG_COMPILER_APPICON_NAME = AppIcon;
				ASSETCATALOG_COMPILER_GLOBAL_ACCENT_COLOR_NAME = AccentColor;
				CODE_SIGN_STYLE = Automatic;
				CURRENT_PROJECT_VERSION = 1;
				GENERATE_INFOPLIST_FILE = YES;
				INFOPLIST_FILE = PracticeApp/Info.plist;
				INFOPLIST_KEY_UIApplicationSupportsIndirectInputEvents = YES;
				INFOPLIST_KEY_UILaunchStoryboardName = LaunchScreen;
				INFOPLIST_KEY_UIMainStoryboardFile = Main;
				INFOPLIST_KEY_UISupportedInterfaceOrientations_iPad = "UIInterfaceOrientationPortrait UIInterfaceOrientationPortraitUpsideDown UIInterfaceOrientationLandscapeLeft UIInterfaceOrientationLandscapeRight";
				INFOPLIST_KEY_UISupportedInterfaceOrientations_iPhone = "UIInterfaceOrientationPortrait UIInterfaceOrientationLandscapeLeft UIInterfaceOrientationLandscapeRight";
				LD_RUNPATH_SEARCH_PATHS = (
					"$(inherited)",
					"@executable_path/Frameworks",
				);
				MARKETING_VERSION = 1.0;
				PRODUCT_BUNDLE_IDENTIFIER = com.tringapps.PracticeApp;
				PRODUCT_NAME = "$(TARGET_NAME)";
				SWIFT_EMIT_LOC_STRINGS = YES;
				SWIFT_VERSION = 5.0;
				TARGETED_DEVICE_FAMILY = "1,2";
			};
			name = Debug;
		};
		5EFECD7A27C5F041005DBD79 /* Release */ = {
			isa = XCBuildConfiguration;
			buildSettings = {
				ASSETCATALOG_COMPILER_APPICON_NAME = AppIcon;
				ASSETCATALOG_COMPILER_GLOBAL_ACCENT_COLOR_NAME = AccentColor;
				CODE_SIGN_STYLE = Automatic;
				CURRENT_PROJECT_VERSION = 1;
				GENERATE_INFOPLIST_FILE = YES;
				INFOPLIST_FILE = PracticeApp/Info.plist;
				INFOPLIST_KEY_UIApplicationSupportsIndirectInputEvents = YES;
				INFOPLIST_KEY_UILaunchStoryboardName = LaunchScreen;
				INFOPLIST_KEY_UIMainStoryboardFile = Main;
				INFOPLIST_KEY_UISupportedInterfaceOrientations_iPad = "UIInterfaceOrientationPortrait UIInterfaceOrientationPortraitUpsideDown UIInterfaceOrientationLandscapeLeft UIInterfaceOrientationLandscapeRight";
				INFOPLIST_KEY_UISupportedInterfaceOrientations_iPhone = "UIInterfaceOrientationPortrait UIInterfaceOrientationLandscapeLeft UIInterfaceOrientationLandscapeRight";
				LD_RUNPATH_SEARCH_PATHS = (
					"$(inherited)",
					"@executable_path/Frameworks",
				);
				MARKETING_VERSION = 1.0;
				PRODUCT_BUNDLE_IDENTIFIER = com.tringapps.PracticeApp;
				PRODUCT_NAME = "$(TARGET_NAME)";
				SWIFT_EMIT_LOC_STRINGS = YES;
				SWIFT_VERSION = 5.0;
				TARGETED_DEVICE_FAMILY = "1,2";
			};
			name = Release;
		};
		5EFECD7C27C5F041005DBD79 /* Debug */ = {
			isa = XCBuildConfiguration;
			buildSettings = {
				ALWAYS_EMBED_SWIFT_STANDARD_LIBRARIES = YES;
				BUNDLE_LOADER = "$(TEST_HOST)";
				CODE_SIGN_STYLE = Automatic;
				CURRENT_PROJECT_VERSION = 1;
				GENERATE_INFOPLIST_FILE = YES;
				IPHONEOS_DEPLOYMENT_TARGET = 15.2;
				MARKETING_VERSION = 1.0;
				PRODUCT_BUNDLE_IDENTIFIER = com.tringapps.PracticeAppTests;
				PRODUCT_NAME = "$(TARGET_NAME)";
				SWIFT_EMIT_LOC_STRINGS = NO;
				SWIFT_VERSION = 5.0;
				TARGETED_DEVICE_FAMILY = "1,2";
				TEST_HOST = "$(BUILT_PRODUCTS_DIR)/PracticeApp.app/PracticeApp";
			};
			name = Debug;
		};
		5EFECD7D27C5F041005DBD79 /* Release */ = {
			isa = XCBuildConfiguration;
			buildSettings = {
				ALWAYS_EMBED_SWIFT_STANDARD_LIBRARIES = YES;
				BUNDLE_LOADER = "$(TEST_HOST)";
				CODE_SIGN_STYLE = Automatic;
				CURRENT_PROJECT_VERSION = 1;
				GENERATE_INFOPLIST_FILE = YES;
				IPHONEOS_DEPLOYMENT_TARGET = 15.2;
				MARKETING_VERSION = 1.0;
				PRODUCT_BUNDLE_IDENTIFIER = com.tringapps.PracticeAppTests;
				PRODUCT_NAME = "$(TARGET_NAME)";
				SWIFT_EMIT_LOC_STRINGS = NO;
				SWIFT_VERSION = 5.0;
				TARGETED_DEVICE_FAMILY = "1,2";
				TEST_HOST = "$(BUILT_PRODUCTS_DIR)/PracticeApp.app/PracticeApp";
			};
			name = Release;
		};
		5EFECD7F27C5F041005DBD79 /* Debug */ = {
			isa = XCBuildConfiguration;
			buildSettings = {
				ALWAYS_EMBED_SWIFT_STANDARD_LIBRARIES = YES;
				CODE_SIGN_STYLE = Automatic;
				CURRENT_PROJECT_VERSION = 1;
				GENERATE_INFOPLIST_FILE = YES;
				MARKETING_VERSION = 1.0;
				PRODUCT_BUNDLE_IDENTIFIER = com.tringapps.PracticeAppUITests;
				PRODUCT_NAME = "$(TARGET_NAME)";
				SWIFT_EMIT_LOC_STRINGS = NO;
				SWIFT_VERSION = 5.0;
				TARGETED_DEVICE_FAMILY = "1,2";
				TEST_TARGET_NAME = PracticeApp;
			};
			name = Debug;
		};
		5EFECD8027C5F041005DBD79 /* Release */ = {
			isa = XCBuildConfiguration;
			buildSettings = {
				ALWAYS_EMBED_SWIFT_STANDARD_LIBRARIES = YES;
				CODE_SIGN_STYLE = Automatic;
				CURRENT_PROJECT_VERSION = 1;
				GENERATE_INFOPLIST_FILE = YES;
				MARKETING_VERSION = 1.0;
				PRODUCT_BUNDLE_IDENTIFIER = com.tringapps.PracticeAppUITests;
				PRODUCT_NAME = "$(TARGET_NAME)";
				SWIFT_EMIT_LOC_STRINGS = NO;
				SWIFT_VERSION = 5.0;
				TARGETED_DEVICE_FAMILY = "1,2";
				TEST_TARGET_NAME = PracticeApp;
			};
			name = Release;
		};
/* End XCBuildConfiguration section */

/* Begin XCConfigurationList section */
		5EFECD4927C5F03E005DBD79 /* Build configuration list for PBXProject "PracticeApp" */ = {
			isa = XCConfigurationList;
			buildConfigurations = (
				5EFECD7627C5F041005DBD79 /* Debug */,
				5EFECD7727C5F041005DBD79 /* Release */,
			);
			defaultConfigurationIsVisible = 0;
			defaultConfigurationName = Release;
		};
		5EFECD7827C5F041005DBD79 /* Build configuration list for PBXNativeTarget "PracticeApp" */ = {
			isa = XCConfigurationList;
			buildConfigurations = (
				5EFECD7927C5F041005DBD79 /* Debug */,
				5EFECD7A27C5F041005DBD79 /* Release */,
			);
			defaultConfigurationIsVisible = 0;
			defaultConfigurationName = Release;
		};
		5EFECD7B27C5F041005DBD79 /* Build configuration list for PBXNativeTarget "PracticeAppTests" */ = {
			isa = XCConfigurationList;
			buildConfigurations = (
				5EFECD7C27C5F041005DBD79 /* Debug */,
				5EFECD7D27C5F041005DBD79 /* Release */,
			);
			defaultConfigurationIsVisible = 0;
			defaultConfigurationName = Release;
		};
		5EFECD7E27C5F041005DBD79 /* Build configuration list for PBXNativeTarget "PracticeAppUITests" */ = {
			isa = XCConfigurationList;
			buildConfigurations = (
				5EFECD7F27C5F041005DBD79 /* Debug */,
				5EFECD8027C5F041005DBD79 /* Release */,
			);
			defaultConfigurationIsVisible = 0;
			defaultConfigurationName = Release;
		};
/* End XCConfigurationList section */
	};
	rootObject = 5EFECD4627C5F03E005DBD79 /* Project object */;
}
